
Microsoft Visual Studio Solution File, Format Version 12.00
# Visual Studio Version 17
VisualStudioVersion = 17.10.35027.167
MinimumVisualStudioVersion = 10.0.40219.1
Project("{9A19103F-16F7-4668-BE54-9A1E7A4F7556}") = "IKEA.PL", "LinkDev.IKEA.PL\IKEA.PL.csproj", "{27317A13-EBBD-4BDB-B338-FEAD64A1B35D}"
EndProject
Project("{9A19103F-16F7-4668-BE54-9A1E7A4F7556}") = "IKEA.BLL", "LinkDev.IKEA.BLL\IKEA.BLL.csproj", "{7420A1C6-C2D5-4318-AC3E-A09F5C1C5AAD}"
EndProject
Project("{9A19103F-16F7-4668-BE54-9A1E7A4F7556}") = "IKEA.DAL", "LinkDev.IKEA.DAL\IKEA.DAL.csproj", "{7B985BE3-D95F-4898-8259-6F3701B30549}"
EndProject
Global
	GlobalSection(SolutionConfigurationPlatforms) = preSolution
		Debug|Any CPU = Debug|Any CPU
		Release|Any CPU = Release|Any CPU
	EndGlobalSection
	GlobalSection(ProjectConfigurationPlatforms) = postSolution
		{27317A13-EBBD-4BDB-B338-FEAD64A1B35D}.Debug|Any CPU.ActiveCfg = Debug|Any CPU
		{27317A13-EBBD-4BDB-B338-FEAD64A1B35D}.Debug|Any CPU.Build.0 = Debug|Any CPU
		{27317A13-EBBD-4BDB-B338-FEAD64A1B35D}.Release|Any CPU.ActiveCfg = Release|Any CPU
		{27317A13-EBBD-4BDB-B338-FEAD64A1B35D}.Release|Any CPU.Build.0 = Release|Any CPU
		{7420A1C6-C2D5-4318-AC3E-A09F5C1C5AAD}.Debug|Any CPU.ActiveCfg = Debug|Any CPU
		{7420A1C6-C2D5-4318-AC3E-A09F5C1C5AAD}.Debug|Any CPU.Build.0 = Debug|Any CPU
		{7420A1C6-C2D5-4318-AC3E-A09F5C1C5AAD}.Release|Any CPU.ActiveCfg = Release|Any CPU
		{7420A1C6-C2D5-4318-AC3E-A09F5C1C5AAD}.Release|Any CPU.Build.0 = Release|Any CPU
		{7B985BE3-D95F-4898-8259-6F3701B30549}.Debug|Any CPU.ActiveCfg = Debug|Any CPU
		{7B985BE3-D95F-4898-8259-6F3701B30549}.Debug|Any CPU.Build.0 = Debug|Any CPU
		{7B985BE3-D95F-4898-8259-6F3701B30549}.Release|Any CPU.ActiveCfg = Release|Any CPU
		{7B985BE3-D95F-4898-8259-6F3701B30549}.Release|Any CPU.Build.0 = Release|Any CPU
	EndGlobalSection
	GlobalSection(SolutionProperties) = preSolution
		HideSolutionNode = FALSE
	EndGlobalSection
	GlobalSection(ExtensibilityGlobals) = postSolution
		SolutionGuid = {E7A2349F-F612-4421-867F-F33873F4BEEE}
	EndGlobalSection
EndGlobal
